// !$*UTF8*$!
{
	archiveVersion = 1;
	classes = {
	};
	objectVersion = 56;
	objects = {

/* Begin PBXBuildFile section */
		BA24D8122AA79B300033224B /* F1_AppApp.swift in Sources */ = {isa = PBXBuildFile; fileRef = BA24D8112AA79B300033224B /* F1_AppApp.swift */; };
		BA24D8142AA79B300033224B /* ContentView.swift in Sources */ = {isa = PBXBuildFile; fileRef = BA24D8132AA79B300033224B /* ContentView.swift */; };
		BA24D8162AA79B310033224B /* Assets.xcassets in Resources */ = {isa = PBXBuildFile; fileRef = BA24D8152AA79B310033224B /* Assets.xcassets */; };
		BA24D81A2AA79B310033224B /* Preview Assets.xcassets in Resources */ = {isa = PBXBuildFile; fileRef = BA24D8192AA79B310033224B /* Preview Assets.xcassets */; };
		BA24D8242AA79B310033224B /* F1_AppTests.swift in Sources */ = {isa = PBXBuildFile; fileRef = BA24D8232AA79B310033224B /* F1_AppTests.swift */; };
		BA24D82E2AA79B310033224B /* F1_AppUITests.swift in Sources */ = {isa = PBXBuildFile; fileRef = BA24D82D2AA79B310033224B /* F1_AppUITests.swift */; };
		BA24D8302AA79B310033224B /* F1_AppUITestsLaunchTests.swift in Sources */ = {isa = PBXBuildFile; fileRef = BA24D82F2AA79B310033224B /* F1_AppUITestsLaunchTests.swift */; };
		BA24D83F2AA7C1040033224B /* SplashScreenView.swift in Sources */ = {isa = PBXBuildFile; fileRef = BA24D83E2AA7C1040033224B /* SplashScreenView.swift */; };
		BA24D8432AA8005A0033224B /* DriverListView.swift in Sources */ = {isa = PBXBuildFile; fileRef = BA24D8422AA8005A0033224B /* DriverListView.swift */; };
		BA24D8452AA810170033224B /* DriverModel.swift in Sources */ = {isa = PBXBuildFile; fileRef = BA24D8442AA810170033224B /* DriverModel.swift */; };
		BA24D8472AA8CEDF0033224B /* DriverProfileView.swift in Sources */ = {isa = PBXBuildFile; fileRef = BA24D8462AA8CEDF0033224B /* DriverProfileView.swift */; };
		BA24D8492AAA00CD0033224B /* DriverTeamPair.swift in Sources */ = {isa = PBXBuildFile; fileRef = BA24D8482AAA00CD0033224B /* DriverTeamPair.swift */; };
		BA24D84C2AAA0D9B0033224B /* URLImage in Frameworks */ = {isa = PBXBuildFile; productRef = BA24D84B2AAA0D9B0033224B /* URLImage */; };
		BA24D84E2AAA0D9B0033224B /* URLImageStore in Frameworks */ = {isa = PBXBuildFile; productRef = BA24D84D2AAA0D9B0033224B /* URLImageStore */; };
/* End PBXBuildFile section */

/* Begin PBXContainerItemProxy section */
		BA24D8202AA79B310033224B /* PBXContainerItemProxy */ = {
			isa = PBXContainerItemProxy;
			containerPortal = BA24D8062AA79B300033224B /* Project object */;
			proxyType = 1;
			remoteGlobalIDString = BA24D80D2AA79B300033224B;
			remoteInfo = F1_App;
		};
		BA24D82A2AA79B310033224B /* PBXContainerItemProxy */ = {
			isa = PBXContainerItemProxy;
			containerPortal = BA24D8062AA79B300033224B /* Project object */;
			proxyType = 1;
			remoteGlobalIDString = BA24D80D2AA79B300033224B;
			remoteInfo = F1_App;
		};
/* End PBXContainerItemProxy section */

/* Begin PBXFileReference section */
		BA24D80E2AA79B300033224B /* F1_App.app */ = {isa = PBXFileReference; explicitFileType = wrapper.application; includeInIndex = 0; path = F1_App.app; sourceTree = BUILT_PRODUCTS_DIR; };
		BA24D8112AA79B300033224B /* F1_AppApp.swift */ = {isa = PBXFileReference; lastKnownFileType = sourcecode.swift; path = F1_AppApp.swift; sourceTree = "<group>"; };
		BA24D8132AA79B300033224B /* ContentView.swift */ = {isa = PBXFileReference; lastKnownFileType = sourcecode.swift; path = ContentView.swift; sourceTree = "<group>"; };
		BA24D8152AA79B310033224B /* Assets.xcassets */ = {isa = PBXFileReference; lastKnownFileType = folder.assetcatalog; path = Assets.xcassets; sourceTree = "<group>"; };
		BA24D8172AA79B310033224B /* F1_App.entitlements */ = {isa = PBXFileReference; lastKnownFileType = text.plist.entitlements; path = F1_App.entitlements; sourceTree = "<group>"; };
		BA24D8192AA79B310033224B /* Preview Assets.xcassets */ = {isa = PBXFileReference; lastKnownFileType = folder.assetcatalog; path = "Preview Assets.xcassets"; sourceTree = "<group>"; };
		BA24D81F2AA79B310033224B /* F1_AppTests.xctest */ = {isa = PBXFileReference; explicitFileType = wrapper.cfbundle; includeInIndex = 0; path = F1_AppTests.xctest; sourceTree = BUILT_PRODUCTS_DIR; };
		BA24D8232AA79B310033224B /* F1_AppTests.swift */ = {isa = PBXFileReference; lastKnownFileType = sourcecode.swift; path = F1_AppTests.swift; sourceTree = "<group>"; };
		BA24D8292AA79B310033224B /* F1_AppUITests.xctest */ = {isa = PBXFileReference; explicitFileType = wrapper.cfbundle; includeInIndex = 0; path = F1_AppUITests.xctest; sourceTree = BUILT_PRODUCTS_DIR; };
		BA24D82D2AA79B310033224B /* F1_AppUITests.swift */ = {isa = PBXFileReference; lastKnownFileType = sourcecode.swift; path = F1_AppUITests.swift; sourceTree = "<group>"; };
		BA24D82F2AA79B310033224B /* F1_AppUITestsLaunchTests.swift */ = {isa = PBXFileReference; lastKnownFileType = sourcecode.swift; path = F1_AppUITestsLaunchTests.swift; sourceTree = "<group>"; };
		BA24D83E2AA7C1040033224B /* SplashScreenView.swift */ = {isa = PBXFileReference; lastKnownFileType = sourcecode.swift; path = SplashScreenView.swift; sourceTree = "<group>"; };
		BA24D8422AA8005A0033224B /* DriverListView.swift */ = {isa = PBXFileReference; lastKnownFileType = sourcecode.swift; path = DriverListView.swift; sourceTree = "<group>"; };
		BA24D8442AA810170033224B /* DriverModel.swift */ = {isa = PBXFileReference; lastKnownFileType = sourcecode.swift; path = DriverModel.swift; sourceTree = "<group>"; };
		BA24D8462AA8CEDF0033224B /* DriverProfileView.swift */ = {isa = PBXFileReference; lastKnownFileType = sourcecode.swift; path = DriverProfileView.swift; sourceTree = "<group>"; };
		BA24D8482AAA00CD0033224B /* DriverTeamPair.swift */ = {isa = PBXFileReference; lastKnownFileType = sourcecode.swift; path = DriverTeamPair.swift; sourceTree = "<group>"; };
/* End PBXFileReference section */

/* Begin PBXFrameworksBuildPhase section */
		BA24D80B2AA79B300033224B /* Frameworks */ = {
			isa = PBXFrameworksBuildPhase;
			buildActionMask = 2147483647;
			files = (
				BA24D84E2AAA0D9B0033224B /* URLImageStore in Frameworks */,
				BA24D84C2AAA0D9B0033224B /* URLImage in Frameworks */,
			);
			runOnlyForDeploymentPostprocessing = 0;
		};
		BA24D81C2AA79B310033224B /* Frameworks */ = {
			isa = PBXFrameworksBuildPhase;
			buildActionMask = 2147483647;
			files = (
			);
			runOnlyForDeploymentPostprocessing = 0;
		};
		BA24D8262AA79B310033224B /* Frameworks */ = {
			isa = PBXFrameworksBuildPhase;
			buildActionMask = 2147483647;
			files = (
			);
			runOnlyForDeploymentPostprocessing = 0;
		};
/* End PBXFrameworksBuildPhase section */

/* Begin PBXGroup section */
		BA24D8052AA79B300033224B = {
			isa = PBXGroup;
			children = (
				BA24D8102AA79B300033224B /* F1_App */,
				BA24D8222AA79B310033224B /* F1_AppTests */,
				BA24D82C2AA79B310033224B /* F1_AppUITests */,
				BA24D80F2AA79B300033224B /* Products */,
			);
			sourceTree = "<group>";
		};
		BA24D80F2AA79B300033224B /* Products */ = {
			isa = PBXGroup;
			children = (
				BA24D80E2AA79B300033224B /* F1_App.app */,
				BA24D81F2AA79B310033224B /* F1_AppTests.xctest */,
				BA24D8292AA79B310033224B /* F1_AppUITests.xctest */,
			);
			name = Products;
			sourceTree = "<group>";
		};
		BA24D8102AA79B300033224B /* F1_App */ = {
			isa = PBXGroup;
			children = (
				BA24D8112AA79B300033224B /* F1_AppApp.swift */,
				BA24D8132AA79B300033224B /* ContentView.swift */,
				BA24D83E2AA7C1040033224B /* SplashScreenView.swift */,
				BA24D8422AA8005A0033224B /* DriverListView.swift */,
				BA24D8152AA79B310033224B /* Assets.xcassets */,
				BA24D8442AA810170033224B /* DriverModel.swift */,
				BA24D8462AA8CEDF0033224B /* DriverProfileView.swift */,
				BA24D8172AA79B310033224B /* F1_App.entitlements */,
				BA24D8182AA79B310033224B /* Preview Content */,
				BA24D8482AAA00CD0033224B /* DriverTeamPair.swift */,
			);
			path = F1_App;
			sourceTree = "<group>";
		};
		BA24D8182AA79B310033224B /* Preview Content */ = {
			isa = PBXGroup;
			children = (
				BA24D8192AA79B310033224B /* Preview Assets.xcassets */,
			);
			path = "Preview Content";
			sourceTree = "<group>";
		};
		BA24D8222AA79B310033224B /* F1_AppTests */ = {
			isa = PBXGroup;
			children = (
				BA24D8232AA79B310033224B /* F1_AppTests.swift */,
			);
			path = F1_AppTests;
			sourceTree = "<group>";
		};
		BA24D82C2AA79B310033224B /* F1_AppUITests */ = {
			isa = PBXGroup;
			children = (
				BA24D82D2AA79B310033224B /* F1_AppUITests.swift */,
				BA24D82F2AA79B310033224B /* F1_AppUITestsLaunchTests.swift */,
			);
			path = F1_AppUITests;
			sourceTree = "<group>";
		};
/* End PBXGroup section */

/* Begin PBXNativeTarget section */
		BA24D80D2AA79B300033224B /* F1_App */ = {
			isa = PBXNativeTarget;
			buildConfigurationList = BA24D8332AA79B310033224B /* Build configuration list for PBXNativeTarget "F1_App" */;
			buildPhases = (
				BA24D80A2AA79B300033224B /* Sources */,
				BA24D80B2AA79B300033224B /* Frameworks */,
				BA24D80C2AA79B300033224B /* Resources */,
			);
			buildRules = (
			);
			dependencies = (
			);
			name = F1_App;
			packageProductDependencies = (
				BA24D84B2AAA0D9B0033224B /* URLImage */,
				BA24D84D2AAA0D9B0033224B /* URLImageStore */,
			);
			productName = F1_App;
			productReference = BA24D80E2AA79B300033224B /* F1_App.app */;
			productType = "com.apple.product-type.application";
		};
		BA24D81E2AA79B310033224B /* F1_AppTests */ = {
			isa = PBXNativeTarget;
			buildConfigurationList = BA24D8362AA79B310033224B /* Build configuration list for PBXNativeTarget "F1_AppTests" */;
			buildPhases = (
				BA24D81B2AA79B310033224B /* Sources */,
				BA24D81C2AA79B310033224B /* Frameworks */,
				BA24D81D2AA79B310033224B /* Resources */,
			);
			buildRules = (
			);
			dependencies = (
				BA24D8212AA79B310033224B /* PBXTargetDependency */,
			);
			name = F1_AppTests;
			productName = F1_AppTests;
			productReference = BA24D81F2AA79B310033224B /* F1_AppTests.xctest */;
			productType = "com.apple.product-type.bundle.unit-test";
		};
		BA24D8282AA79B310033224B /* F1_AppUITests */ = {
			isa = PBXNativeTarget;
			buildConfigurationList = BA24D8392AA79B310033224B /* Build configuration list for PBXNativeTarget "F1_AppUITests" */;
			buildPhases = (
				BA24D8252AA79B310033224B /* Sources */,
				BA24D8262AA79B310033224B /* Frameworks */,
				BA24D8272AA79B310033224B /* Resources */,
			);
			buildRules = (
			);
			dependencies = (
				BA24D82B2AA79B310033224B /* PBXTargetDependency */,
			);
			name = F1_AppUITests;
			productName = F1_AppUITests;
			productReference = BA24D8292AA79B310033224B /* F1_AppUITests.xctest */;
			productType = "com.apple.product-type.bundle.ui-testing";
		};
/* End PBXNativeTarget section */

/* Begin PBXProject section */
		BA24D8062AA79B300033224B /* Project object */ = {
			isa = PBXProject;
			attributes = {
				BuildIndependentTargetsInParallel = 1;
				LastSwiftUpdateCheck = 1430;
				LastUpgradeCheck = 1430;
				TargetAttributes = {
					BA24D80D2AA79B300033224B = {
						CreatedOnToolsVersion = 14.3.1;
					};
					BA24D81E2AA79B310033224B = {
						CreatedOnToolsVersion = 14.3.1;
						TestTargetID = BA24D80D2AA79B300033224B;
					};
					BA24D8282AA79B310033224B = {
						CreatedOnToolsVersion = 14.3.1;
						TestTargetID = BA24D80D2AA79B300033224B;
					};
				};
			};
			buildConfigurationList = BA24D8092AA79B300033224B /* Build configuration list for PBXProject "F1_App" */;
			compatibilityVersion = "Xcode 14.0";
			developmentRegion = en;
			hasScannedForEncodings = 0;
			knownRegions = (
				en,
				Base,
			);
			mainGroup = BA24D8052AA79B300033224B;
			packageReferences = (
				BA24D84A2AAA0D9B0033224B /* XCRemoteSwiftPackageReference "url-image" */,
			);
			productRefGroup = BA24D80F2AA79B300033224B /* Products */;
			projectDirPath = "";
			projectRoot = "";
			targets = (
				BA24D80D2AA79B300033224B /* F1_App */,
				BA24D81E2AA79B310033224B /* F1_AppTests */,
				BA24D8282AA79B310033224B /* F1_AppUITests */,
			);
		};
/* End PBXProject section */

/* Begin PBXResourcesBuildPhase section */
		BA24D80C2AA79B300033224B /* Resources */ = {
			isa = PBXResourcesBuildPhase;
			buildActionMask = 2147483647;
			files = (
				BA24D81A2AA79B310033224B /* Preview Assets.xcassets in Resources */,
				BA24D8162AA79B310033224B /* Assets.xcassets in Resources */,
			);
			runOnlyForDeploymentPostprocessing = 0;
		};
		BA24D81D2AA79B310033224B /* Resources */ = {
			isa = PBXResourcesBuildPhase;
			buildActionMask = 2147483647;
			files = (
			);
			runOnlyForDeploymentPostprocessing = 0;
		};
		BA24D8272AA79B310033224B /* Resources */ = {
			isa = PBXResourcesBuildPhase;
			buildActionMask = 2147483647;
			files = (
			);
			runOnlyForDeploymentPostprocessing = 0;
		};
/* End PBXResourcesBuildPhase section */

/* Begin PBXSourcesBuildPhase section */
		BA24D80A2AA79B300033224B /* Sources */ = {
			isa = PBXSourcesBuildPhase;
			buildActionMask = 2147483647;
			files = (
				BA24D8432AA8005A0033224B /* DriverListView.swift in Sources */,
				BA24D8472AA8CEDF0033224B /* DriverProfileView.swift in Sources */,
				BA24D83F2AA7C1040033224B /* SplashScreenView.swift in Sources */,
				BA24D8142AA79B300033224B /* ContentView.swift in Sources */,
				BA24D8492AAA00CD0033224B /* DriverTeamPair.swift in Sources */,
				BA24D8122AA79B300033224B /* F1_AppApp.swift in Sources */,
				BA24D8452AA810170033224B /* DriverModel.swift in Sources */,
			);
			runOnlyForDeploymentPostprocessing = 0;
		};
		BA24D81B2AA79B310033224B /* Sources */ = {
			isa = PBXSourcesBuildPhase;
			buildActionMask = 2147483647;
			files = (
				BA24D8242AA79B310033224B /* F1_AppTests.swift in Sources */,
			);
			runOnlyForDeploymentPostprocessing = 0;
		};
		BA24D8252AA79B310033224B /* Sources */ = {
			isa = PBXSourcesBuildPhase;
			buildActionMask = 2147483647;
			files = (
				BA24D82E2AA79B310033224B /* F1_AppUITests.swift in Sources */,
				BA24D8302AA79B310033224B /* F1_AppUITestsLaunchTests.swift in Sources */,
			);
			runOnlyForDeploymentPostprocessing = 0;
		};
/* End PBXSourcesBuildPhase section */

/* Begin PBXTargetDependency section */
		BA24D8212AA79B310033224B /* PBXTargetDependency */ = {
			isa = PBXTargetDependency;
			target = BA24D80D2AA79B300033224B /* F1_App */;
			targetProxy = BA24D8202AA79B310033224B /* PBXContainerItemProxy */;
		};
		BA24D82B2AA79B310033224B /* PBXTargetDependency */ = {
			isa = PBXTargetDependency;
			target = BA24D80D2AA79B300033224B /* F1_App */;
			targetProxy = BA24D82A2AA79B310033224B /* PBXContainerItemProxy */;
		};
/* End PBXTargetDependency section */

/* Begin XCBuildConfiguration section */
		BA24D8312AA79B310033224B /* Debug */ = {
			isa = XCBuildConfiguration;
			buildSettings = {
				ALWAYS_SEARCH_USER_PATHS = NO;
				CLANG_ANALYZER_NONNULL = YES;
				CLANG_ANALYZER_NUMBER_OBJECT_CONVERSION = YES_AGGRESSIVE;
				CLANG_CXX_LANGUAGE_STANDARD = "gnu++20";
				CLANG_ENABLE_MODULES = YES;
				CLANG_ENABLE_OBJC_ARC = YES;
				CLANG_ENABLE_OBJC_WEAK = YES;
				CLANG_WARN_BLOCK_CAPTURE_AUTORELEASING = YES;
				CLANG_WARN_BOOL_CONVERSION = YES;
				CLANG_WARN_COMMA = YES;
				CLANG_WARN_CONSTANT_CONVERSION = YES;
				CLANG_WARN_DEPRECATED_OBJC_IMPLEMENTATIONS = YES;
				CLANG_WARN_DIRECT_OBJC_ISA_USAGE = YES_ERROR;
				CLANG_WARN_DOCUMENTATION_COMMENTS = YES;
				CLANG_WARN_EMPTY_BODY = YES;
				CLANG_WARN_ENUM_CONVERSION = YES;
				CLANG_WARN_INFINITE_RECURSION = YES;
				CLANG_WARN_INT_CONVERSION = YES;
				CLANG_WARN_NON_LITERAL_NULL_CONVERSION = YES;
				CLANG_WARN_OBJC_IMPLICIT_RETAIN_SELF = YES;
				CLANG_WARN_OBJC_LITERAL_CONVERSION = YES;
				CLANG_WARN_OBJC_ROOT_CLASS = YES_ERROR;
				CLANG_WARN_QUOTED_INCLUDE_IN_FRAMEWORK_HEADER = YES;
				CLANG_WARN_RANGE_LOOP_ANALYSIS = YES;
				CLANG_WARN_STRICT_PROTOTYPES = YES;
				CLANG_WARN_SUSPICIOUS_MOVE = YES;
				CLANG_WARN_UNGUARDED_AVAILABILITY = YES_AGGRESSIVE;
				CLANG_WARN_UNREACHABLE_CODE = YES;
				CLANG_WARN__DUPLICATE_METHOD_MATCH = YES;
				COPY_PHASE_STRIP = NO;
				DEBUG_INFORMATION_FORMAT = dwarf;
				ENABLE_STRICT_OBJC_MSGSEND = YES;
				ENABLE_TESTABILITY = YES;
				GCC_C_LANGUAGE_STANDARD = gnu11;
				GCC_DYNAMIC_NO_PIC = NO;
				GCC_NO_COMMON_BLOCKS = YES;
				GCC_OPTIMIZATION_LEVEL = 0;
				GCC_PREPROCESSOR_DEFINITIONS = (
					"DEBUG=1",
					"$(inherited)",
				);
				GCC_WARN_64_TO_32_BIT_CONVERSION = YES;
				GCC_WARN_ABOUT_RETURN_TYPE = YES_ERROR;
				GCC_WARN_UNDECLARED_SELECTOR = YES;
				GCC_WARN_UNINITIALIZED_AUTOS = YES_AGGRESSIVE;
				GCC_WARN_UNUSED_FUNCTION = YES;
				GCC_WARN_UNUSED_VARIABLE = YES;
				MTL_ENABLE_DEBUG_INFO = INCLUDE_SOURCE;
				MTL_FAST_MATH = YES;
				ONLY_ACTIVE_ARCH = YES;
				SWIFT_ACTIVE_COMPILATION_CONDITIONS = DEBUG;
				SWIFT_OPTIMIZATION_LEVEL = "-Onone";
			};
			name = Debug;
		};
		BA24D8322AA79B310033224B /* Release */ = {
			isa = XCBuildConfiguration;
			buildSettings = {
				ALWAYS_SEARCH_USER_PATHS = NO;
				CLANG_ANALYZER_NONNULL = YES;
				CLANG_ANALYZER_NUMBER_OBJECT_CONVERSION = YES_AGGRESSIVE;
				CLANG_CXX_LANGUAGE_STANDARD = "gnu++20";
				CLANG_ENABLE_MODULES = YES;
				CLANG_ENABLE_OBJC_ARC = YES;
				CLANG_ENABLE_OBJC_WEAK = YES;
				CLANG_WARN_BLOCK_CAPTURE_AUTORELEASING = YES;
				CLANG_WARN_BOOL_CONVERSION = YES;
				CLANG_WARN_COMMA = YES;
				CLANG_WARN_CONSTANT_CONVERSION = YES;
				CLANG_WARN_DEPRECATED_OBJC_IMPLEMENTATIONS = YES;
				CLANG_WARN_DIRECT_OBJC_ISA_USAGE = YES_ERROR;
				CLANG_WARN_DOCUMENTATION_COMMENTS = YES;
				CLANG_WARN_EMPTY_BODY = YES;
				CLANG_WARN_ENUM_CONVERSION = YES;
				CLANG_WARN_INFINITE_RECURSION = YES;
				CLANG_WARN_INT_CONVERSION = YES;
				CLANG_WARN_NON_LITERAL_NULL_CONVERSION = YES;
				CLANG_WARN_OBJC_IMPLICIT_RETAIN_SELF = YES;
				CLANG_WARN_OBJC_LITERAL_CONVERSION = YES;
				CLANG_WARN_OBJC_ROOT_CLASS = YES_ERROR;
				CLANG_WARN_QUOTED_INCLUDE_IN_FRAMEWORK_HEADER = YES;
				CLANG_WARN_RANGE_LOOP_ANALYSIS = YES;
				CLANG_WARN_STRICT_PROTOTYPES = YES;
				CLANG_WARN_SUSPICIOUS_MOVE = YES;
				CLANG_WARN_UNGUARDED_AVAILABILITY = YES_AGGRESSIVE;
				CLANG_WARN_UNREACHABLE_CODE = YES;
				CLANG_WARN__DUPLICATE_METHOD_MATCH = YES;
				COPY_PHASE_STRIP = NO;
				DEBUG_INFORMATION_FORMAT = "dwarf-with-dsym";
				ENABLE_NS_ASSERTIONS = NO;
				ENABLE_STRICT_OBJC_MSGSEND = YES;
				GCC_C_LANGUAGE_STANDARD = gnu11;
				GCC_NO_COMMON_BLOCKS = YES;
				GCC_WARN_64_TO_32_BIT_CONVERSION = YES;
				GCC_WARN_ABOUT_RETURN_TYPE = YES_ERROR;
				GCC_WARN_UNDECLARED_SELECTOR = YES;
				GCC_WARN_UNINITIALIZED_AUTOS = YES_AGGRESSIVE;
				GCC_WARN_UNUSED_FUNCTION = YES;
				GCC_WARN_UNUSED_VARIABLE = YES;
				MTL_ENABLE_DEBUG_INFO = NO;
				MTL_FAST_MATH = YES;
				SWIFT_COMPILATION_MODE = wholemodule;
				SWIFT_OPTIMIZATION_LEVEL = "-O";
			};
			name = Release;
		};
		BA24D8342AA79B310033224B /* Debug */ = {
			isa = XCBuildConfiguration;
			buildSettings = {
				ASSETCATALOG_COMPILER_APPICON_NAME = AppIcon;
				ASSETCATALOG_COMPILER_GLOBAL_ACCENT_COLOR_NAME = AccentColor;
				CODE_SIGN_ENTITLEMENTS = F1_App/F1_App.entitlements;
				CODE_SIGN_STYLE = Automatic;
				CURRENT_PROJECT_VERSION = 1;
				DEVELOPMENT_ASSET_PATHS = "\"F1_App/Preview Content\"";
				DEVELOPMENT_TEAM = CF3KK2966Y;
				ENABLE_PREVIEWS = YES;
				GENERATE_INFOPLIST_FILE = YES;
				INFOPLIST_KEY_CFBundleDisplayName = "F1 Legacy";
				INFOPLIST_KEY_LSApplicationCategoryType = "public.app-category.education";
				"INFOPLIST_KEY_UIApplicationSceneManifest_Generation[sdk=iphoneos*]" = YES;
				"INFOPLIST_KEY_UIApplicationSceneManifest_Generation[sdk=iphonesimulator*]" = YES;
				"INFOPLIST_KEY_UIApplicationSupportsIndirectInputEvents[sdk=iphoneos*]" = YES;
				"INFOPLIST_KEY_UIApplicationSupportsIndirectInputEvents[sdk=iphonesimulator*]" = YES;
				"INFOPLIST_KEY_UILaunchScreen_Generation[sdk=iphoneos*]" = YES;
				"INFOPLIST_KEY_UILaunchScreen_Generation[sdk=iphonesimulator*]" = YES;
				"INFOPLIST_KEY_UIStatusBarStyle[sdk=iphoneos*]" = UIStatusBarStyleDefault;
				"INFOPLIST_KEY_UIStatusBarStyle[sdk=iphonesimulator*]" = UIStatusBarStyleDefault;
				INFOPLIST_KEY_UISupportedInterfaceOrientations_iPad = "UIInterfaceOrientationPortrait UIInterfaceOrientationPortraitUpsideDown UIInterfaceOrientationLandscapeLeft UIInterfaceOrientationLandscapeRight";
				INFOPLIST_KEY_UISupportedInterfaceOrientations_iPhone = "UIInterfaceOrientationPortrait UIInterfaceOrientationLandscapeLeft UIInterfaceOrientationLandscapeRight";
				IPHONEOS_DEPLOYMENT_TARGET = 16.4;
				LD_RUNPATH_SEARCH_PATHS = "@executable_path/Frameworks";
				"LD_RUNPATH_SEARCH_PATHS[sdk=macosx*]" = "@executable_path/../Frameworks";
				MACOSX_DEPLOYMENT_TARGET = 13.3;
				MARKETING_VERSION = 1.0;
				PRODUCT_BUNDLE_IDENTIFIER = "com.codewithlizz.F1-App";
				PRODUCT_NAME = "$(TARGET_NAME)";
				SDKROOT = auto;
				SUPPORTED_PLATFORMS = "iphoneos iphonesimulator macosx";
				SWIFT_EMIT_LOC_STRINGS = YES;
				SWIFT_VERSION = 5.0;
				TARGETED_DEVICE_FAMILY = "1,2";
			};
			name = Debug;
		};
		BA24D8352AA79B310033224B /* Release */ = {
			isa = XCBuildConfiguration;
			buildSettings = {
				ASSETCATALOG_COMPILER_APPICON_NAME = AppIcon;
				ASSETCATALOG_COMPILER_GLOBAL_ACCENT_COLOR_NAME = AccentColor;
				CODE_SIGN_ENTITLEMENTS = F1_App/F1_App.entitlements;
				CODE_SIGN_STYLE = Automatic;
				CURRENT_PROJECT_VERSION = 1;
				DEVELOPMENT_ASSET_PATHS = "\"F1_App/Preview Content\"";
				DEVELOPMENT_TEAM = CF3KK2966Y;
				ENABLE_PREVIEWS = YES;
				GENERATE_INFOPLIST_FILE = YES;
				INFOPLIST_KEY_CFBundleDisplayName = "F1 Legacy";
				INFOPLIST_KEY_LSApplicationCategoryType = "public.app-category.education";
				"INFOPLIST_KEY_UIApplicationSceneManifest_Generation[sdk=iphoneos*]" = YES;
				"INFOPLIST_KEY_UIApplicationSceneManifest_Generation[sdk=iphonesimulator*]" = YES;
				"INFOPLIST_KEY_UIApplicationSupportsIndirectInputEvents[sdk=iphoneos*]" = YES;
				"INFOPLIST_KEY_UIApplicationSupportsIndirectInputEvents[sdk=iphonesimulator*]" = YES;
				"INFOPLIST_KEY_UILaunchScreen_Generation[sdk=iphoneos*]" = YES;
				"INFOPLIST_KEY_UILaunchScreen_Generation[sdk=iphonesimulator*]" = YES;
				"INFOPLIST_KEY_UIStatusBarStyle[sdk=iphoneos*]" = UIStatusBarStyleDefault;
				"INFOPLIST_KEY_UIStatusBarStyle[sdk=iphonesimulator*]" = UIStatusBarStyleDefault;
				INFOPLIST_KEY_UISupportedInterfaceOrientations_iPad = "UIInterfaceOrientationPortrait UIInterfaceOrientationPortraitUpsideDown UIInterfaceOrientationLandscapeLeft UIInterfaceOrientationLandscapeRight";
				INFOPLIST_KEY_UISupportedInterfaceOrientations_iPhone = "UIInterfaceOrientationPortrait UIInterfaceOrientationLandscapeLeft UIInterfaceOrientationLandscapeRight";
				IPHONEOS_DEPLOYMENT_TARGET = 16.4;
				LD_RUNPATH_SEARCH_PATHS = "@executable_path/Frameworks";
				"LD_RUNPATH_SEARCH_PATHS[sdk=macosx*]" = "@executable_path/../Frameworks";
				MACOSX_DEPLOYMENT_TARGET = 13.3;
				MARKETING_VERSION = 1.0;
				PRODUCT_BUNDLE_IDENTIFIER = "com.codewithlizz.F1-App";
				PRODUCT_NAME = "$(TARGET_NAME)";
				SDKROOT = auto;
				SUPPORTED_PLATFORMS = "iphoneos iphonesimulator macosx";
				SWIFT_EMIT_LOC_STRINGS = YES;
				SWIFT_VERSION = 5.0;
				TARGETED_DEVICE_FAMILY = "1,2";
			};
			name = Release;
		};
		BA24D8372AA79B310033224B /* Debug */ = {
			isa = XCBuildConfiguration;
			buildSettings = {
				ALWAYS_EMBED_SWIFT_STANDARD_LIBRARIES = YES;
				BUNDLE_LOADER = "$(TEST_HOST)";
				CODE_SIGN_STYLE = Automatic;
				CURRENT_PROJECT_VERSION = 1;
				GENERATE_INFOPLIST_FILE = YES;
				IPHONEOS_DEPLOYMENT_TARGET = 16.4;
				MACOSX_DEPLOYMENT_TARGET = 13.3;
				MARKETING_VERSION = 1.0;
				PRODUCT_BUNDLE_IDENTIFIER = "com.codewithlizz.F1-AppTests";
				PRODUCT_NAME = "$(TARGET_NAME)";
				SDKROOT = auto;
				SUPPORTED_PLATFORMS = "iphoneos iphonesimulator macosx";
				SWIFT_EMIT_LOC_STRINGS = NO;
				SWIFT_VERSION = 5.0;
				TARGETED_DEVICE_FAMILY = "1,2";
				TEST_HOST = "$(BUILT_PRODUCTS_DIR)/F1_App.app/$(BUNDLE_EXECUTABLE_FOLDER_PATH)/F1_App";
			};
			name = Debug;
		};
		BA24D8382AA79B310033224B /* Release */ = {
			isa = XCBuildConfiguration;
			buildSettings = {
				ALWAYS_EMBED_SWIFT_STANDARD_LIBRARIES = YES;
				BUNDLE_LOADER = "$(TEST_HOST)";
				CODE_SIGN_STYLE = Automatic;
				CURRENT_PROJECT_VERSION = 1;
				GENERATE_INFOPLIST_FILE = YES;
				IPHONEOS_DEPLOYMENT_TARGET = 16.4;
				MACOSX_DEPLOYMENT_TARGET = 13.3;
				MARKETING_VERSION = 1.0;
				PRODUCT_BUNDLE_IDENTIFIER = "com.codewithlizz.F1-AppTests";
				PRODUCT_NAME = "$(TARGET_NAME)";
				SDKROOT = auto;
				SUPPORTED_PLATFORMS = "iphoneos iphonesimulator macosx";
				SWIFT_EMIT_LOC_STRINGS = NO;
				SWIFT_VERSION = 5.0;
				TARGETED_DEVICE_FAMILY = "1,2";
				TEST_HOST = "$(BUILT_PRODUCTS_DIR)/F1_App.app/$(BUNDLE_EXECUTABLE_FOLDER_PATH)/F1_App";
			};
			name = Release;
		};
		BA24D83A2AA79B310033224B /* Debug */ = {
			isa = XCBuildConfiguration;
			buildSettings = {
				ALWAYS_EMBED_SWIFT_STANDARD_LIBRARIES = YES;
				CODE_SIGN_STYLE = Automatic;
				CURRENT_PROJECT_VERSION = 1;
				GENERATE_INFOPLIST_FILE = YES;
				IPHONEOS_DEPLOYMENT_TARGET = 16.4;
				MACOSX_DEPLOYMENT_TARGET = 13.3;
				MARKETING_VERSION = 1.0;
				PRODUCT_BUNDLE_IDENTIFIER = "com.codewithlizz.F1-AppUITests";
				PRODUCT_NAME = "$(TARGET_NAME)";
				SDKROOT = auto;
				SUPPORTED_PLATFORMS = "iphoneos iphonesimulator macosx";
				SWIFT_EMIT_LOC_STRINGS = NO;
				SWIFT_VERSION = 5.0;
				TARGETED_DEVICE_FAMILY = "1,2";
				TEST_TARGET_NAME = F1_App;
			};
			name = Debug;
		};
		BA24D83B2AA79B310033224B /* Release */ = {
			isa = XCBuildConfiguration;
			buildSettings = {
				ALWAYS_EMBED_SWIFT_STANDARD_LIBRARIES = YES;
				CODE_SIGN_STYLE = Automatic;
				CURRENT_PROJECT_VERSION = 1;
				GENERATE_INFOPLIST_FILE = YES;
				IPHONEOS_DEPLOYMENT_TARGET = 16.4;
				MACOSX_DEPLOYMENT_TARGET = 13.3;
				MARKETING_VERSION = 1.0;
				PRODUCT_BUNDLE_IDENTIFIER = "com.codewithlizz.F1-AppUITests";
				PRODUCT_NAME = "$(TARGET_NAME)";
				SDKROOT = auto;
				SUPPORTED_PLATFORMS = "iphoneos iphonesimulator macosx";
				SWIFT_EMIT_LOC_STRINGS = NO;
				SWIFT_VERSION = 5.0;
				TARGETED_DEVICE_FAMILY = "1,2";
				TEST_TARGET_NAME = F1_App;
			};
			name = Release;
		};
/* End XCBuildConfiguration section */

/* Begin XCConfigurationList section */
		BA24D8092AA79B300033224B /* Build configuration list for PBXProject "F1_App" */ = {
			isa = XCConfigurationList;
			buildConfigurations = (
				BA24D8312AA79B310033224B /* Debug */,
				BA24D8322AA79B310033224B /* Release */,
			);
			defaultConfigurationIsVisible = 0;
			defaultConfigurationName = Release;
		};
		BA24D8332AA79B310033224B /* Build configuration list for PBXNativeTarget "F1_App" */ = {
			isa = XCConfigurationList;
			buildConfigurations = (
				BA24D8342AA79B310033224B /* Debug */,
				BA24D8352AA79B310033224B /* Release */,
			);
			defaultConfigurationIsVisible = 0;
			defaultConfigurationName = Release;
		};
		BA24D8362AA79B310033224B /* Build configuration list for PBXNativeTarget "F1_AppTests" */ = {
			isa = XCConfigurationList;
			buildConfigurations = (
				BA24D8372AA79B310033224B /* Debug */,
				BA24D8382AA79B310033224B /* Release */,
			);
			defaultConfigurationIsVisible = 0;
			defaultConfigurationName = Release;
		};
		BA24D8392AA79B310033224B /* Build configuration list for PBXNativeTarget "F1_AppUITests" */ = {
			isa = XCConfigurationList;
			buildConfigurations = (
				BA24D83A2AA79B310033224B /* Debug */,
				BA24D83B2AA79B310033224B /* Release */,
			);
			defaultConfigurationIsVisible = 0;
			defaultConfigurationName = Release;
		};
/* End XCConfigurationList section */

/* Begin XCRemoteSwiftPackageReference section */
		BA24D84A2AAA0D9B0033224B /* XCRemoteSwiftPackageReference "url-image" */ = {
			isa = XCRemoteSwiftPackageReference;
			repositoryURL = "https://github.com/dmytro-anokhin/url-image";
			requirement = {
				kind = upToNextMajorVersion;
				minimumVersion = 3.0.0;
			};
		};
/* End XCRemoteSwiftPackageReference section */

/* Begin XCSwiftPackageProductDependency section */
		BA24D84B2AAA0D9B0033224B /* URLImage */ = {
			isa = XCSwiftPackageProductDependency;
			package = BA24D84A2AAA0D9B0033224B /* XCRemoteSwiftPackageReference "url-image" */;
			productName = URLImage;
		};
		BA24D84D2AAA0D9B0033224B /* URLImageStore */ = {
			isa = XCSwiftPackageProductDependency;
			package = BA24D84A2AAA0D9B0033224B /* XCRemoteSwiftPackageReference "url-image" */;
			productName = URLImageStore;
		};
/* End XCSwiftPackageProductDependency section */
	};
	rootObject = BA24D8062AA79B300033224B /* Project object */;
}
